// !$*UTF8*$!
{
	archiveVersion = 1;
	classes = {
	};
	objectVersion = 56;
	objects = {

/* Begin PBXBuildFile section */
		7BA40465294E2760002FDD61 /* LayoutWithSwiftUIApp.swift in Sources */ = {isa = PBXBuildFile; fileRef = 7BA40464294E2760002FDD61 /* LayoutWithSwiftUIApp.swift */; };
		7BA40467294E2760002FDD61 /* ContentView.swift in Sources */ = {isa = PBXBuildFile; fileRef = 7BA40466294E2760002FDD61 /* ContentView.swift */; };
		7BA40469294E2764002FDD61 /* Assets.xcassets in Resources */ = {isa = PBXBuildFile; fileRef = 7BA40468294E2764002FDD61 /* Assets.xcassets */; };
		7BA4046C294E2764002FDD61 /* Preview Assets.xcassets in Resources */ = {isa = PBXBuildFile; fileRef = 7BA4046B294E2764002FDD61 /* Preview Assets.xcassets */; };
		7BA4046E294E2764002FDD61 /* Persistence.swift in Sources */ = {isa = PBXBuildFile; fileRef = 7BA4046D294E2764002FDD61 /* Persistence.swift */; };
		7BA40471294E2764002FDD61 /* LayoutWithSwiftUI.xcdatamodeld in Sources */ = {isa = PBXBuildFile; fileRef = 7BA4046F294E2764002FDD61 /* LayoutWithSwiftUI.xcdatamodeld */; };
		7BA4047B294E2764002FDD61 /* LayoutWithSwiftUITests.swift in Sources */ = {isa = PBXBuildFile; fileRef = 7BA4047A294E2764002FDD61 /* LayoutWithSwiftUITests.swift */; };
		7BA40485294E2765002FDD61 /* LayoutWithSwiftUIUITests.swift in Sources */ = {isa = PBXBuildFile; fileRef = 7BA40484294E2765002FDD61 /* LayoutWithSwiftUIUITests.swift */; };
		7BA40487294E2765002FDD61 /* LayoutWithSwiftUIUITestsLaunchTests.swift in Sources */ = {isa = PBXBuildFile; fileRef = 7BA40486294E2765002FDD61 /* LayoutWithSwiftUIUITestsLaunchTests.swift */; };
/* End PBXBuildFile section */

/* Begin PBXContainerItemProxy section */
		7BA40477294E2764002FDD61 /* PBXContainerItemProxy */ = {
			isa = PBXContainerItemProxy;
			containerPortal = 7BA40459294E2760002FDD61 /* Project object */;
			proxyType = 1;
			remoteGlobalIDString = 7BA40460294E2760002FDD61;
			remoteInfo = LayoutWithSwiftUI;
		};
		7BA40481294E2765002FDD61 /* PBXContainerItemProxy */ = {
			isa = PBXContainerItemProxy;
			containerPortal = 7BA40459294E2760002FDD61 /* Project object */;
			proxyType = 1;
			remoteGlobalIDString = 7BA40460294E2760002FDD61;
			remoteInfo = LayoutWithSwiftUI;
		};
/* End PBXContainerItemProxy section */

/* Begin PBXFileReference section */
		7BA40461294E2760002FDD61 /* LayoutWithSwiftUI.app */ = {isa = PBXFileReference; explicitFileType = wrapper.application; includeInIndex = 0; path = LayoutWithSwiftUI.app; sourceTree = BUILT_PRODUCTS_DIR; };
		7BA40464294E2760002FDD61 /* LayoutWithSwiftUIApp.swift */ = {isa = PBXFileReference; lastKnownFileType = sourcecode.swift; path = LayoutWithSwiftUIApp.swift; sourceTree = "<group>"; };
		7BA40466294E2760002FDD61 /* ContentView.swift */ = {isa = PBXFileReference; lastKnownFileType = sourcecode.swift; path = ContentView.swift; sourceTree = "<group>"; };
		7BA40468294E2764002FDD61 /* Assets.xcassets */ = {isa = PBXFileReference; lastKnownFileType = folder.assetcatalog; path = Assets.xcassets; sourceTree = "<group>"; };
		7BA4046B294E2764002FDD61 /* Preview Assets.xcassets */ = {isa = PBXFileReference; lastKnownFileType = folder.assetcatalog; path = "Preview Assets.xcassets"; sourceTree = "<group>"; };
		7BA4046D294E2764002FDD61 /* Persistence.swift */ = {isa = PBXFileReference; lastKnownFileType = sourcecode.swift; path = Persistence.swift; sourceTree = "<group>"; };
		7BA40470294E2764002FDD61 /* LayoutWithSwiftUI.xcdatamodel */ = {isa = PBXFileReference; lastKnownFileType = wrapper.xcdatamodel; path = LayoutWithSwiftUI.xcdatamodel; sourceTree = "<group>"; };
		7BA40476294E2764002FDD61 /* LayoutWithSwiftUITests.xctest */ = {isa = PBXFileReference; explicitFileType = wrapper.cfbundle; includeInIndex = 0; path = LayoutWithSwiftUITests.xctest; sourceTree = BUILT_PRODUCTS_DIR; };
		7BA4047A294E2764002FDD61 /* LayoutWithSwiftUITests.swift */ = {isa = PBXFileReference; lastKnownFileType = sourcecode.swift; path = LayoutWithSwiftUITests.swift; sourceTree = "<group>"; };
		7BA40480294E2765002FDD61 /* LayoutWithSwiftUIUITests.xctest */ = {isa = PBXFileReference; explicitFileType = wrapper.cfbundle; includeInIndex = 0; path = LayoutWithSwiftUIUITests.xctest; sourceTree = BUILT_PRODUCTS_DIR; };
		7BA40484294E2765002FDD61 /* LayoutWithSwiftUIUITests.swift */ = {isa = PBXFileReference; lastKnownFileType = sourcecode.swift; path = LayoutWithSwiftUIUITests.swift; sourceTree = "<group>"; };
		7BA40486294E2765002FDD61 /* LayoutWithSwiftUIUITestsLaunchTests.swift */ = {isa = PBXFileReference; lastKnownFileType = sourcecode.swift; path = LayoutWithSwiftUIUITestsLaunchTests.swift; sourceTree = "<group>"; };
/* End PBXFileReference section */

/* Begin PBXFrameworksBuildPhase section */
		7BA4045E294E2760002FDD61 /* Frameworks */ = {
			isa = PBXFrameworksBuildPhase;
			buildActionMask = 2147483647;
			files = (
			);
			runOnlyForDeploymentPostprocessing = 0;
		};
		7BA40473294E2764002FDD61 /* Frameworks */ = {
			isa = PBXFrameworksBuildPhase;
			buildActionMask = 2147483647;
			files = (
			);
			runOnlyForDeploymentPostprocessing = 0;
		};
		7BA4047D294E2765002FDD61 /* Frameworks */ = {
			isa = PBXFrameworksBuildPhase;
			buildActionMask = 2147483647;
			files = (
			);
			runOnlyForDeploymentPostprocessing = 0;
		};
/* End PBXFrameworksBuildPhase section */

/* Begin PBXGroup section */
		7BA40458294E2760002FDD61 = {
			isa = PBXGroup;
			children = (
				7BA40463294E2760002FDD61 /* LayoutWithSwiftUI */,
				7BA40479294E2764002FDD61 /* LayoutWithSwiftUITests */,
				7BA40483294E2765002FDD61 /* LayoutWithSwiftUIUITests */,
				7BA40462294E2760002FDD61 /* Products */,
			);
			sourceTree = "<group>";
		};
		7BA40462294E2760002FDD61 /* Products */ = {
			isa = PBXGroup;
			children = (
				7BA40461294E2760002FDD61 /* LayoutWithSwiftUI.app */,
				7BA40476294E2764002FDD61 /* LayoutWithSwiftUITests.xctest */,
				7BA40480294E2765002FDD61 /* LayoutWithSwiftUIUITests.xctest */,
			);
			name = Products;
			sourceTree = "<group>";
		};
		7BA40463294E2760002FDD61 /* LayoutWithSwiftUI */ = {
			isa = PBXGroup;
			children = (
				7BA40464294E2760002FDD61 /* LayoutWithSwiftUIApp.swift */,
				7BA40466294E2760002FDD61 /* ContentView.swift */,
				7BA40468294E2764002FDD61 /* Assets.xcassets */,
				7BA4046D294E2764002FDD61 /* Persistence.swift */,
				7BA4046F294E2764002FDD61 /* LayoutWithSwiftUI.xcdatamodeld */,
				7BA4046A294E2764002FDD61 /* Preview Content */,
			);
			path = LayoutWithSwiftUI;
			sourceTree = "<group>";
		};
		7BA4046A294E2764002FDD61 /* Preview Content */ = {
			isa = PBXGroup;
			children = (
				7BA4046B294E2764002FDD61 /* Preview Assets.xcassets */,
			);
			path = "Preview Content";
			sourceTree = "<group>";
		};
		7BA40479294E2764002FDD61 /* LayoutWithSwiftUITests */ = {
			isa = PBXGroup;
			children = (
				7BA4047A294E2764002FDD61 /* LayoutWithSwiftUITests.swift */,
			);
			path = LayoutWithSwiftUITests;
			sourceTree = "<group>";
		};
		7BA40483294E2765002FDD61 /* LayoutWithSwiftUIUITests */ = {
			isa = PBXGroup;
			children = (
				7BA40484294E2765002FDD61 /* LayoutWithSwiftUIUITests.swift */,
				7BA40486294E2765002FDD61 /* LayoutWithSwiftUIUITestsLaunchTests.swift */,
			);
			path = LayoutWithSwiftUIUITests;
			sourceTree = "<group>";
		};
/* End PBXGroup section */

/* Begin PBXNativeTarget section */
		7BA40460294E2760002FDD61 /* LayoutWithSwiftUI */ = {
			isa = PBXNativeTarget;
			buildConfigurationList = 7BA4048A294E2765002FDD61 /* Build configuration list for PBXNativeTarget "LayoutWithSwiftUI" */;
			buildPhases = (
				7BA4045D294E2760002FDD61 /* Sources */,
				7BA4045E294E2760002FDD61 /* Frameworks */,
				7BA4045F294E2760002FDD61 /* Resources */,
			);
			buildRules = (
			);
			dependencies = (
			);
			name = LayoutWithSwiftUI;
			productName = LayoutWithSwiftUI;
			productReference = 7BA40461294E2760002FDD61 /* LayoutWithSwiftUI.app */;
			productType = "com.apple.product-type.application";
		};
		7BA40475294E2764002FDD61 /* LayoutWithSwiftUITests */ = {
			isa = PBXNativeTarget;
			buildConfigurationList = 7BA4048D294E2765002FDD61 /* Build configuration list for PBXNativeTarget "LayoutWithSwiftUITests" */;
			buildPhases = (
				7BA40472294E2764002FDD61 /* Sources */,
				7BA40473294E2764002FDD61 /* Frameworks */,
				7BA40474294E2764002FDD61 /* Resources */,
			);
			buildRules = (
			);
			dependencies = (
				7BA40478294E2764002FDD61 /* PBXTargetDependency */,
			);
			name = LayoutWithSwiftUITests;
			productName = LayoutWithSwiftUITests;
			productReference = 7BA40476294E2764002FDD61 /* LayoutWithSwiftUITests.xctest */;
			productType = "com.apple.product-type.bundle.unit-test";
		};
		7BA4047F294E2765002FDD61 /* LayoutWithSwiftUIUITests */ = {
			isa = PBXNativeTarget;
			buildConfigurationList = 7BA40490294E2765002FDD61 /* Build configuration list for PBXNativeTarget "LayoutWithSwiftUIUITests" */;
			buildPhases = (
				7BA4047C294E2765002FDD61 /* Sources */,
				7BA4047D294E2765002FDD61 /* Frameworks */,
				7BA4047E294E2765002FDD61 /* Resources */,
			);
			buildRules = (
			);
			dependencies = (
				7BA40482294E2765002FDD61 /* PBXTargetDependency */,
			);
			name = LayoutWithSwiftUIUITests;
			productName = LayoutWithSwiftUIUITests;
			productReference = 7BA40480294E2765002FDD61 /* LayoutWithSwiftUIUITests.xctest */;
			productType = "com.apple.product-type.bundle.ui-testing";
		};
/* End PBXNativeTarget section */

/* Begin PBXProject section */
		7BA40459294E2760002FDD61 /* Project object */ = {
			isa = PBXProject;
			attributes = {
				BuildIndependentTargetsInParallel = 1;
				LastSwiftUpdateCheck = 1410;
				LastUpgradeCheck = 1410;
				TargetAttributes = {
					7BA40460294E2760002FDD61 = {
						CreatedOnToolsVersion = 14.1;
					};
					7BA40475294E2764002FDD61 = {
						CreatedOnToolsVersion = 14.1;
						TestTargetID = 7BA40460294E2760002FDD61;
					};
					7BA4047F294E2765002FDD61 = {
						CreatedOnToolsVersion = 14.1;
						TestTargetID = 7BA40460294E2760002FDD61;
					};
				};
			};
			buildConfigurationList = 7BA4045C294E2760002FDD61 /* Build configuration list for PBXProject "LayoutWithSwiftUI" */;
			compatibilityVersion = "Xcode 14.0";
			developmentRegion = en;
			hasScannedForEncodings = 0;
			knownRegions = (
				en,
				Base,
			);
			mainGroup = 7BA40458294E2760002FDD61;
			productRefGroup = 7BA40462294E2760002FDD61 /* Products */;
			projectDirPath = "";
			projectRoot = "";
			targets = (
				7BA40460294E2760002FDD61 /* LayoutWithSwiftUI */,
				7BA40475294E2764002FDD61 /* LayoutWithSwiftUITests */,
				7BA4047F294E2765002FDD61 /* LayoutWithSwiftUIUITests */,
			);
		};
/* End PBXProject section */

/* Begin PBXResourcesBuildPhase section */
		7BA4045F294E2760002FDD61 /* Resources */ = {
			isa = PBXResourcesBuildPhase;
			buildActionMask = 2147483647;
			files = (
				7BA4046C294E2764002FDD61 /* Preview Assets.xcassets in Resources */,
				7BA40469294E2764002FDD61 /* Assets.xcassets in Resources */,
			);
			runOnlyForDeploymentPostprocessing = 0;
		};
		7BA40474294E2764002FDD61 /* Resources */ = {
			isa = PBXResourcesBuildPhase;
			buildActionMask = 2147483647;
			files = (
			);
			runOnlyForDeploymentPostprocessing = 0;
		};
		7BA4047E294E2765002FDD61 /* Resources */ = {
			isa = PBXResourcesBuildPhase;
			buildActionMask = 2147483647;
			files = (
			);
			runOnlyForDeploymentPostprocessing = 0;
		};
/* End PBXResourcesBuildPhase section */

/* Begin PBXSourcesBuildPhase section */
		7BA4045D294E2760002FDD61 /* Sources */ = {
			isa = PBXSourcesBuildPhase;
			buildActionMask = 2147483647;
			files = (
				7BA4046E294E2764002FDD61 /* Persistence.swift in Sources */,
				7BA40467294E2760002FDD61 /* ContentView.swift in Sources */,
				7BA40465294E2760002FDD61 /* LayoutWithSwiftUIApp.swift in Sources */,
				7BA40471294E2764002FDD61 /* LayoutWithSwiftUI.xcdatamodeld in Sources */,
			);
			runOnlyForDeploymentPostprocessing = 0;
		};
		7BA40472294E2764002FDD61 /* Sources */ = {
			isa = PBXSourcesBuildPhase;
			buildActionMask = 2147483647;
			files = (
				7BA4047B294E2764002FDD61 /* LayoutWithSwiftUITests.swift in Sources */,
			);
			runOnlyForDeploymentPostprocessing = 0;
		};
		7BA4047C294E2765002FDD61 /* Sources */ = {
			isa = PBXSourcesBuildPhase;
			buildActionMask = 2147483647;
			files = (
				7BA40487294E2765002FDD61 /* LayoutWithSwiftUIUITestsLaunchTests.swift in Sources */,
				7BA40485294E2765002FDD61 /* LayoutWithSwiftUIUITests.swift in Sources */,
			);
			runOnlyForDeploymentPostprocessing = 0;
		};
/* End PBXSourcesBuildPhase section */

/* Begin PBXTargetDependency section */
		7BA40478294E2764002FDD61 /* PBXTargetDependency */ = {
			isa = PBXTargetDependency;
			target = 7BA40460294E2760002FDD61 /* LayoutWithSwiftUI */;
			targetProxy = 7BA40477294E2764002FDD61 /* PBXContainerItemProxy */;
		};
		7BA40482294E2765002FDD61 /* PBXTargetDependency */ = {
			isa = PBXTargetDependency;
			target = 7BA40460294E2760002FDD61 /* LayoutWithSwiftUI */;
			targetProxy = 7BA40481294E2765002FDD61 /* PBXContainerItemProxy */;
		};
/* End PBXTargetDependency section */

/* Begin XCBuildConfiguration section */
		7BA40488294E2765002FDD61 /* Debug */ = {
			isa = XCBuildConfiguration;
			buildSettings = {
				ALWAYS_SEARCH_USER_PATHS = NO;
				CLANG_ANALYZER_NONNULL = YES;
				CLANG_ANALYZER_NUMBER_OBJECT_CONVERSION = YES_AGGRESSIVE;
				CLANG_CXX_LANGUAGE_STANDARD = "gnu++20";
				CLANG_ENABLE_MODULES = YES;
				CLANG_ENABLE_OBJC_ARC = YES;
				CLANG_ENABLE_OBJC_WEAK = YES;
				CLANG_WARN_BLOCK_CAPTURE_AUTORELEASING = YES;
				CLANG_WARN_BOOL_CONVERSION = YES;
				CLANG_WARN_COMMA = YES;
				CLANG_WARN_CONSTANT_CONVERSION = YES;
				CLANG_WARN_DEPRECATED_OBJC_IMPLEMENTATIONS = YES;
				CLANG_WARN_DIRECT_OBJC_ISA_USAGE = YES_ERROR;
				CLANG_WARN_DOCUMENTATION_COMMENTS = YES;
				CLANG_WARN_EMPTY_BODY = YES;
				CLANG_WARN_ENUM_CONVERSION = YES;
				CLANG_WARN_INFINITE_RECURSION = YES;
				CLANG_WARN_INT_CONVERSION = YES;
				CLANG_WARN_NON_LITERAL_NULL_CONVERSION = YES;
				CLANG_WARN_OBJC_IMPLICIT_RETAIN_SELF = YES;
				CLANG_WARN_OBJC_LITERAL_CONVERSION = YES;
				CLANG_WARN_OBJC_ROOT_CLASS = YES_ERROR;
				CLANG_WARN_QUOTED_INCLUDE_IN_FRAMEWORK_HEADER = YES;
				CLANG_WARN_RANGE_LOOP_ANALYSIS = YES;
				CLANG_WARN_STRICT_PROTOTYPES = YES;
				CLANG_WARN_SUSPICIOUS_MOVE = YES;
				CLANG_WARN_UNGUARDED_AVAILABILITY = YES_AGGRESSIVE;
				CLANG_WARN_UNREACHABLE_CODE = YES;
				CLANG_WARN__DUPLICATE_METHOD_MATCH = YES;
				COPY_PHASE_STRIP = NO;
				DEBUG_INFORMATION_FORMAT = dwarf;
				ENABLE_STRICT_OBJC_MSGSEND = YES;
				ENABLE_TESTABILITY = YES;
				GCC_C_LANGUAGE_STANDARD = gnu11;
				GCC_DYNAMIC_NO_PIC = NO;
				GCC_NO_COMMON_BLOCKS = YES;
				GCC_OPTIMIZATION_LEVEL = 0;
				GCC_PREPROCESSOR_DEFINITIONS = (
					"DEBUG=1",
					"$(inherited)",
				);
				GCC_WARN_64_TO_32_BIT_CONVERSION = YES;
				GCC_WARN_ABOUT_RETURN_TYPE = YES_ERROR;
				GCC_WARN_UNDECLARED_SELECTOR = YES;
				GCC_WARN_UNINITIALIZED_AUTOS = YES_AGGRESSIVE;
				GCC_WARN_UNUSED_FUNCTION = YES;
				GCC_WARN_UNUSED_VARIABLE = YES;
				IPHONEOS_DEPLOYMENT_TARGET = 16.1;
				MTL_ENABLE_DEBUG_INFO = INCLUDE_SOURCE;
				MTL_FAST_MATH = YES;
				ONLY_ACTIVE_ARCH = YES;
				SDKROOT = iphoneos;
				SWIFT_ACTIVE_COMPILATION_CONDITIONS = DEBUG;
				SWIFT_OPTIMIZATION_LEVEL = "-Onone";
			};
			name = Debug;
		};
		7BA40489294E2765002FDD61 /* Release */ = {
			isa = XCBuildConfiguration;
			buildSettings = {
				ALWAYS_SEARCH_USER_PATHS = NO;
				CLANG_ANALYZER_NONNULL = YES;
				CLANG_ANALYZER_NUMBER_OBJECT_CONVERSION = YES_AGGRESSIVE;
				CLANG_CXX_LANGUAGE_STANDARD = "gnu++20";
				CLANG_ENABLE_MODULES = YES;
				CLANG_ENABLE_OBJC_ARC = YES;
				CLANG_ENABLE_OBJC_WEAK = YES;
				CLANG_WARN_BLOCK_CAPTURE_AUTORELEASING = YES;
				CLANG_WARN_BOOL_CONVERSION = YES;
				CLANG_WARN_COMMA = YES;
				CLANG_WARN_CONSTANT_CONVERSION = YES;
				CLANG_WARN_DEPRECATED_OBJC_IMPLEMENTATIONS = YES;
				CLANG_WARN_DIRECT_OBJC_ISA_USAGE = YES_ERROR;
				CLANG_WARN_DOCUMENTATION_COMMENTS = YES;
				CLANG_WARN_EMPTY_BODY = YES;
				CLANG_WARN_ENUM_CONVERSION = YES;
				CLANG_WARN_INFINITE_RECURSION = YES;
				CLANG_WARN_INT_CONVERSION = YES;
				CLANG_WARN_NON_LITERAL_NULL_CONVERSION = YES;
				CLANG_WARN_OBJC_IMPLICIT_RETAIN_SELF = YES;
				CLANG_WARN_OBJC_LITERAL_CONVERSION = YES;
				CLANG_WARN_OBJC_ROOT_CLASS = YES_ERROR;
				CLANG_WARN_QUOTED_INCLUDE_IN_FRAMEWORK_HEADER = YES;
				CLANG_WARN_RANGE_LOOP_ANALYSIS = YES;
				CLANG_WARN_STRICT_PROTOTYPES = YES;
				CLANG_WARN_SUSPICIOUS_MOVE = YES;
				CLANG_WARN_UNGUARDED_AVAILABILITY = YES_AGGRESSIVE;
				CLANG_WARN_UNREACHABLE_CODE = YES;
				CLANG_WARN__DUPLICATE_METHOD_MATCH = YES;
				COPY_PHASE_STRIP = NO;
				DEBUG_INFORMATION_FORMAT = "dwarf-with-dsym";
				ENABLE_NS_ASSERTIONS = NO;
				ENABLE_STRICT_OBJC_MSGSEND = YES;
				GCC_C_LANGUAGE_STANDARD = gnu11;
				GCC_NO_COMMON_BLOCKS = YES;
				GCC_WARN_64_TO_32_BIT_CONVERSION = YES;
				GCC_WARN_ABOUT_RETURN_TYPE = YES_ERROR;
				GCC_WARN_UNDECLARED_SELECTOR = YES;
				GCC_WARN_UNINITIALIZED_AUTOS = YES_AGGRESSIVE;
				GCC_WARN_UNUSED_FUNCTION = YES;
				GCC_WARN_UNUSED_VARIABLE = YES;
				IPHONEOS_DEPLOYMENT_TARGET = 16.1;
				MTL_ENABLE_DEBUG_INFO = NO;
				MTL_FAST_MATH = YES;
				SDKROOT = iphoneos;
				SWIFT_COMPILATION_MODE = wholemodule;
				SWIFT_OPTIMIZATION_LEVEL = "-O";
				VALIDATE_PRODUCT = YES;
			};
			name = Release;
		};
		7BA4048B294E2765002FDD61 /* Debug */ = {
			isa = XCBuildConfiguration;
			buildSettings = {
				ASSETCATALOG_COMPILER_APPICON_NAME = AppIcon;
				ASSETCATALOG_COMPILER_GLOBAL_ACCENT_COLOR_NAME = AccentColor;
				CODE_SIGN_STYLE = Automatic;
				CURRENT_PROJECT_VERSION = 1;
				DEVELOPMENT_ASSET_PATHS = "\"LayoutWithSwiftUI/Preview Content\"";
				DEVELOPMENT_TEAM = XRR5P3RD3X;
				ENABLE_PREVIEWS = YES;
				GENERATE_INFOPLIST_FILE = YES;
				INFOPLIST_KEY_UIApplicationSceneManifest_Generation = YES;
				INFOPLIST_KEY_UIApplicationSupportsIndirectInputEvents = YES;
				INFOPLIST_KEY_UILaunchScreen_Generation = YES;
				INFOPLIST_KEY_UISupportedInterfaceOrientations_iPad = "UIInterfaceOrientationPortrait UIInterfaceOrientationPortraitUpsideDown UIInterfaceOrientationLandscapeLeft UIInterfaceOrientationLandscapeRight";
				INFOPLIST_KEY_UISupportedInterfaceOrientations_iPhone = "UIInterfaceOrientationPortrait UIInterfaceOrientationLandscapeLeft UIInterfaceOrientationLandscapeRight";
				LD_RUNPATH_SEARCH_PATHS = (
					"$(inherited)",
					"@executable_path/Frameworks",
				);
				MARKETING_VERSION = 1.0;
				PRODUCT_BUNDLE_IDENTIFIER = abdullahkaraboga.LayoutWithSwiftUI;
				PRODUCT_NAME = "$(TARGET_NAME)";
				SWIFT_EMIT_LOC_STRINGS = YES;
				SWIFT_VERSION = 5.0;
				TARGETED_DEVICE_FAMILY = "1,2";
			};
			name = Debug;
		};
		7BA4048C294E2765002FDD61 /* Release */ = {
			isa = XCBuildConfiguration;
			buildSettings = {
				ASSETCATALOG_COMPILER_APPICON_NAME = AppIcon;
				ASSETCATALOG_COMPILER_GLOBAL_ACCENT_COLOR_NAME = AccentColor;
				CODE_SIGN_STYLE = Automatic;
				CURRENT_PROJECT_VERSION = 1;
				DEVELOPMENT_ASSET_PATHS = "\"LayoutWithSwiftUI/Preview Content\"";
				DEVELOPMENT_TEAM = XRR5P3RD3X;
				ENABLE_PREVIEWS = YES;
				GENERATE_INFOPLIST_FILE = YES;
				INFOPLIST_KEY_UIApplicationSceneManifest_Generation = YES;
				INFOPLIST_KEY_UIApplicationSupportsIndirectInputEvents = YES;
				INFOPLIST_KEY_UILaunchScreen_Generation = YES;
				INFOPLIST_KEY_UISupportedInterfaceOrientations_iPad = "UIInterfaceOrientationPortrait UIInterfaceOrientationPortraitUpsideDown UIInterfaceOrientationLandscapeLeft UIInterfaceOrientationLandscapeRight";
				INFOPLIST_KEY_UISupportedInterfaceOrientations_iPhone = "UIInterfaceOrientationPortrait UIInterfaceOrientationLandscapeLeft UIInterfaceOrientationLandscapeRight";
				LD_RUNPATH_SEARCH_PATHS = (
					"$(inherited)",
					"@executable_path/Frameworks",
				);
				MARKETING_VERSION = 1.0;
				PRODUCT_BUNDLE_IDENTIFIER = abdullahkaraboga.LayoutWithSwiftUI;
				PRODUCT_NAME = "$(TARGET_NAME)";
				SWIFT_EMIT_LOC_STRINGS = YES;
				SWIFT_VERSION = 5.0;
				TARGETED_DEVICE_FAMILY = "1,2";
			};
			name = Release;
		};
		7BA4048E294E2765002FDD61 /* Debug */ = {
			isa = XCBuildConfiguration;
			buildSettings = {
				ALWAYS_EMBED_SWIFT_STANDARD_LIBRARIES = YES;
				BUNDLE_LOADER = "$(TEST_HOST)";
				CODE_SIGN_STYLE = Automatic;
				CURRENT_PROJECT_VERSION = 1;
				DEVELOPMENT_TEAM = XRR5P3RD3X;
				GENERATE_INFOPLIST_FILE = YES;
				IPHONEOS_DEPLOYMENT_TARGET = 16.1;
				MARKETING_VERSION = 1.0;
				PRODUCT_BUNDLE_IDENTIFIER = abdullahkaraboga.LayoutWithSwiftUITests;
				PRODUCT_NAME = "$(TARGET_NAME)";
				SWIFT_EMIT_LOC_STRINGS = NO;
				SWIFT_VERSION = 5.0;
				TARGETED_DEVICE_FAMILY = "1,2";
				TEST_HOST = "$(BUILT_PRODUCTS_DIR)/LayoutWithSwiftUI.app/$(BUNDLE_EXECUTABLE_FOLDER_PATH)/LayoutWithSwiftUI";
			};
			name = Debug;
		};
		7BA4048F294E2765002FDD61 /* Release */ = {
			isa = XCBuildConfiguration;
			buildSettings = {
				ALWAYS_EMBED_SWIFT_STANDARD_LIBRARIES = YES;
				BUNDLE_LOADER = "$(TEST_HOST)";
				CODE_SIGN_STYLE = Automatic;
				CURRENT_PROJECT_VERSION = 1;
				DEVELOPMENT_TEAM = XRR5P3RD3X;
				GENERATE_INFOPLIST_FILE = YES;
				IPHONEOS_DEPLOYMENT_TARGET = 16.1;
				MARKETING_VERSION = 1.0;
				PRODUCT_BUNDLE_IDENTIFIER = abdullahkaraboga.LayoutWithSwiftUITests;
				PRODUCT_NAME = "$(TARGET_NAME)";
				SWIFT_EMIT_LOC_STRINGS = NO;
				SWIFT_VERSION = 5.0;
				TARGETED_DEVICE_FAMILY = "1,2";
				TEST_HOST = "$(BUILT_PRODUCTS_DIR)/LayoutWithSwiftUI.app/$(BUNDLE_EXECUTABLE_FOLDER_PATH)/LayoutWithSwiftUI";
			};
			name = Release;
		};
		7BA40491294E2765002FDD61 /* Debug */ = {
			isa = XCBuildConfiguration;
			buildSettings = {
				ALWAYS_EMBED_SWIFT_STANDARD_LIBRARIES = YES;
				CODE_SIGN_STYLE = Automatic;
				CURRENT_PROJECT_VERSION = 1;
				DEVELOPMENT_TEAM = XRR5P3RD3X;
				GENERATE_INFOPLIST_FILE = YES;
				MARKETING_VERSION = 1.0;
				PRODUCT_BUNDLE_IDENTIFIER = abdullahkaraboga.LayoutWithSwiftUIUITests;
				PRODUCT_NAME = "$(TARGET_NAME)";
				SWIFT_EMIT_LOC_STRINGS = NO;
				SWIFT_VERSION = 5.0;
				TARGETED_DEVICE_FAMILY = "1,2";
				TEST_TARGET_NAME = LayoutWithSwiftUI;
			};
			name = Debug;
		};
		7BA40492294E2765002FDD61 /* Release */ = {
			isa = XCBuildConfiguration;
			buildSettings = {
				ALWAYS_EMBED_SWIFT_STANDARD_LIBRARIES = YES;
				CODE_SIGN_STYLE = Automatic;
				CURRENT_PROJECT_VERSION = 1;
				DEVELOPMENT_TEAM = XRR5P3RD3X;
				GENERATE_INFOPLIST_FILE = YES;
				MARKETING_VERSION = 1.0;
				PRODUCT_BUNDLE_IDENTIFIER = abdullahkaraboga.LayoutWithSwiftUIUITests;
				PRODUCT_NAME = "$(TARGET_NAME)";
				SWIFT_EMIT_LOC_STRINGS = NO;
				SWIFT_VERSION = 5.0;
				TARGETED_DEVICE_FAMILY = "1,2";
				TEST_TARGET_NAME = LayoutWithSwiftUI;
			};
			name = Release;
		};
/* End XCBuildConfiguration section */

/* Begin XCConfigurationList section */
		7BA4045C294E2760002FDD61 /* Build configuration list for PBXProject "LayoutWithSwiftUI" */ = {
			isa = XCConfigurationList;
			buildConfigurations = (
				7BA40488294E2765002FDD61 /* Debug */,
				7BA40489294E2765002FDD61 /* Release */,
			);
			defaultConfigurationIsVisible = 0;
			defaultConfigurationName = Release;
		};
		7BA4048A294E2765002FDD61 /* Build configuration list for PBXNativeTarget "LayoutWithSwiftUI" */ = {
			isa = XCConfigurationList;
			buildConfigurations = (
				7BA4048B294E2765002FDD61 /* Debug */,
				7BA4048C294E2765002FDD61 /* Release */,
			);
			defaultConfigurationIsVisible = 0;
			defaultConfigurationName = Release;
		};
		7BA4048D294E2765002FDD61 /* Build configuration list for PBXNativeTarget "LayoutWithSwiftUITests" */ = {
			isa = XCConfigurationList;
			buildConfigurations = (
				7BA4048E294E2765002FDD61 /* Debug */,
				7BA4048F294E2765002FDD61 /* Release */,
			);
			defaultConfigurationIsVisible = 0;
			defaultConfigurationName = Release;
		};
		7BA40490294E2765002FDD61 /* Build configuration list for PBXNativeTarget "LayoutWithSwiftUIUITests" */ = {
			isa = XCConfigurationList;
			buildConfigurations = (
				7BA40491294E2765002FDD61 /* Debug */,
				7BA40492294E2765002FDD61 /* Release */,
			);
			defaultConfigurationIsVisible = 0;
			defaultConfigurationName = Release;
		};
/* End XCConfigurationList section */

/* Begin XCVersionGroup section */
		7BA4046F294E2764002FDD61 /* LayoutWithSwiftUI.xcdatamodeld */ = {
			isa = XCVersionGroup;
			children = (
				7BA40470294E2764002FDD61 /* LayoutWithSwiftUI.xcdatamodel */,
			);
			currentVersion = 7BA40470294E2764002FDD61 /* LayoutWithSwiftUI.xcdatamodel */;
			path = LayoutWithSwiftUI.xcdatamodeld;
			sourceTree = "<group>";
			versionGroupType = wrapper.xcdatamodel;
		};
/* End XCVersionGroup section */
	};
	rootObject = 7BA40459294E2760002FDD61 /* Project object */;
}
